
Microsoft Visual Studio Solution File, Format Version 12.00
# Visual Studio Version 17
VisualStudioVersion = 17.7.34031.279
MinimumVisualStudioVersion = 10.0.40219.1
Project("{FAE04EC0-301F-11D3-BF4B-00C04F79EFBC}") = "mf-api-web-service-full-manager", "mf-api-web-service-full-manager\mf-api-web-service-full-manager.csproj", "{7836E41F-2F24-42DE-8D09-9FE1EECDB368}"
EndProject
Global
	GlobalSection(SolutionConfigurationPlatforms) = preSolution
		Debug|Any CPU = Debug|Any CPU
		Release|Any CPU = Release|Any CPU
	EndGlobalSection
	GlobalSection(ProjectConfigurationPlatforms) = postSolution
		{7836E41F-2F24-42DE-8D09-9FE1EECDB368}.Debug|Any CPU.ActiveCfg = Debug|Any CPU
		{7836E41F-2F24-42DE-8D09-9FE1EECDB368}.Debug|Any CPU.Build.0 = Debug|Any CPU
		{7836E41F-2F24-42DE-8D09-9FE1EECDB368}.Release|Any CPU.ActiveCfg = Release|Any CPU
		{7836E41F-2F24-42DE-8D09-9FE1EECDB368}.Release|Any CPU.Build.0 = Release|Any CPU
	EndGlobalSection
	GlobalSection(SolutionProperties) = preSolution
		HideSolutionNode = FALSE
	EndGlobalSection
	GlobalSection(ExtensibilityGlobals) = postSolution
		SolutionGuid = {D7445549-48F8-4497-B511-0D4D9AAEE9CE}
	EndGlobalSection
EndGlobal
